
Microsoft Visual Studio Solution File, Format Version 12.00
# Visual Studio Version 16
VisualStudioVersion = 16.0.32002.261
MinimumVisualStudioVersion = 10.0.40219.1
Project("{FAE04EC0-301F-11D3-BF4B-00C04F79EFBC}") = "pokemon-information", "pokemon-information\pokemon-information.csproj", "{5717F77F-F500-4EDA-9608-F6623693DE18}"
EndProject
Project("{FAE04EC0-301F-11D3-BF4B-00C04F79EFBC}") = "PokemonInformationTest", "PokemonInformationTest\PokemonInformationTest.csproj", "{8FEEC8BD-FA43-4336-A540-28466FF89507}"
EndProject
Global
	GlobalSection(SolutionConfigurationPlatforms) = preSolution
		Debug|Any CPU = Debug|Any CPU
		Release|Any CPU = Release|Any CPU
	EndGlobalSection
	GlobalSection(ProjectConfigurationPlatforms) = postSolution
		{5717F77F-F500-4EDA-9608-F6623693DE18}.Debug|Any CPU.ActiveCfg = Debug|Any CPU
		{5717F77F-F500-4EDA-9608-F6623693DE18}.Debug|Any CPU.Build.0 = Debug|Any CPU
		{5717F77F-F500-4EDA-9608-F6623693DE18}.Release|Any CPU.ActiveCfg = Release|Any CPU
		{5717F77F-F500-4EDA-9608-F6623693DE18}.Release|Any CPU.Build.0 = Release|Any CPU
		{8FEEC8BD-FA43-4336-A540-28466FF89507}.Debug|Any CPU.ActiveCfg = Debug|Any CPU
		{8FEEC8BD-FA43-4336-A540-28466FF89507}.Debug|Any CPU.Build.0 = Debug|Any CPU
		{8FEEC8BD-FA43-4336-A540-28466FF89507}.Release|Any CPU.ActiveCfg = Release|Any CPU
		{8FEEC8BD-FA43-4336-A540-28466FF89507}.Release|Any CPU.Build.0 = Release|Any CPU
	EndGlobalSection
	GlobalSection(SolutionProperties) = preSolution
		HideSolutionNode = FALSE
	EndGlobalSection
	GlobalSection(ExtensibilityGlobals) = postSolution
		SolutionGuid = {EDB646D0-DFDF-4D96-976D-272EC43129F1}
	EndGlobalSection
EndGlobal
